
Microsoft Visual Studio Solution File, Format Version 12.00
# Visual Studio Version 16
VisualStudioVersion = 16.0.30317.65
MinimumVisualStudioVersion = 10.0.40219.1
Project("{FAE04EC0-301F-11D3-BF4B-00C04F79EFBC}") = "Movies", "Movies\Movies.csproj", "{EF491481-600B-4B4A-8D8C-090736589526}"
EndProject
Project("{FAE04EC0-301F-11D3-BF4B-00C04F79EFBC}") = "Movies.Data", "Movies.Data\Movies.Data.csproj", "{06649C5E-BF67-418D-ACB1-1A55FA7411D4}"
EndProject
Project("{FAE04EC0-301F-11D3-BF4B-00C04F79EFBC}") = "Movies.Models", "Movies.Models\Movies.Models.csproj", "{B4ED416B-1475-422E-8671-35EB5136E97E}"
EndProject
Global
	GlobalSection(SolutionConfigurationPlatforms) = preSolution
		Debug|Any CPU = Debug|Any CPU
		Release|Any CPU = Release|Any CPU
	EndGlobalSection
	GlobalSection(ProjectConfigurationPlatforms) = postSolution
		{EF491481-600B-4B4A-8D8C-090736589526}.Debug|Any CPU.ActiveCfg = Debug|Any CPU
		{EF491481-600B-4B4A-8D8C-090736589526}.Debug|Any CPU.Build.0 = Debug|Any CPU
		{EF491481-600B-4B4A-8D8C-090736589526}.Release|Any CPU.ActiveCfg = Release|Any CPU
		{EF491481-600B-4B4A-8D8C-090736589526}.Release|Any CPU.Build.0 = Release|Any CPU
		{06649C5E-BF67-418D-ACB1-1A55FA7411D4}.Debug|Any CPU.ActiveCfg = Debug|Any CPU
		{06649C5E-BF67-418D-ACB1-1A55FA7411D4}.Debug|Any CPU.Build.0 = Debug|Any CPU
		{06649C5E-BF67-418D-ACB1-1A55FA7411D4}.Release|Any CPU.ActiveCfg = Release|Any CPU
		{06649C5E-BF67-418D-ACB1-1A55FA7411D4}.Release|Any CPU.Build.0 = Release|Any CPU
		{B4ED416B-1475-422E-8671-35EB5136E97E}.Debug|Any CPU.ActiveCfg = Debug|Any CPU
		{B4ED416B-1475-422E-8671-35EB5136E97E}.Debug|Any CPU.Build.0 = Debug|Any CPU
		{B4ED416B-1475-422E-8671-35EB5136E97E}.Release|Any CPU.ActiveCfg = Release|Any CPU
		{B4ED416B-1475-422E-8671-35EB5136E97E}.Release|Any CPU.Build.0 = Release|Any CPU
	EndGlobalSection
	GlobalSection(SolutionProperties) = preSolution
		HideSolutionNode = FALSE
	EndGlobalSection
	GlobalSection(ExtensibilityGlobals) = postSolution
		SolutionGuid = {A6DA3E44-FE52-4F47-B4CB-90BCC0290B5E}
	EndGlobalSection
EndGlobal
